
Microsoft Visual Studio Solution File, Format Version 12.00
# Visual Studio Version 17
VisualStudioVersion = 17.1.32228.430
MinimumVisualStudioVersion = 10.0.40219.1
Project("{2150E333-8FDC-42A3-9474-1A3956D46DE8}") = "1. Client", "1. Client", "{5C79B2EB-4E47-4454-81BF-3772BA008CDE}"
EndProject
Project("{2150E333-8FDC-42A3-9474-1A3956D46DE8}") = "1.1 WebApp", "1.1 WebApp", "{8D68A257-4D6E-4751-8198-A932D959E95E}"
EndProject
Project("{2150E333-8FDC-42A3-9474-1A3956D46DE8}") = "2. Server", "2. Server", "{A278F834-A8E7-4FB6-91FF-6988DA0C7425}"
EndProject
Project("{2150E333-8FDC-42A3-9474-1A3956D46DE8}") = "2.1 API", "2.1 API", "{9BA4FC89-DD18-4131-B216-BF9BB478BFCC}"
EndProject
Project("{9A19103F-16F7-4668-BE54-9A1E7A4F7556}") = "Home_Track_API", "SRC\Home_Track_API\Home_Track_API.csproj", "{A299E1ED-12EF-415D-B78E-9D5217E7BDFE}"
EndProject
Project("{2150E333-8FDC-42A3-9474-1A3956D46DE8}") = "3. Model", "3. Model", "{636BC334-7B6E-412B-8DB2-2BA45FC11EC6}"
EndProject
Project("{2150E333-8FDC-42A3-9474-1A3956D46DE8}") = "4. Service", "4. Service", "{4796A955-A483-45D2-BF75-C31562351BCA}"
EndProject
Project("{2150E333-8FDC-42A3-9474-1A3956D46DE8}") = "5. UnitOfWork", "5. UnitOfWork", "{0E6B2088-141C-4146-B55B-1E4567967407}"
EndProject
Project("{2150E333-8FDC-42A3-9474-1A3956D46DE8}") = "6. Repository", "6. Repository", "{FCC90A0B-0CD7-445C-A4CC-6B5BF204EB36}"
EndProject
Project("{9A19103F-16F7-4668-BE54-9A1E7A4F7556}") = "UnitOfWork_Interface", "src\UnitOfWork_Interface\UnitOfWork_Interface.csproj", "{DABB1E63-B457-41E3-879A-73E86B945A04}"
EndProject
Project("{9A19103F-16F7-4668-BE54-9A1E7A4F7556}") = "UnitOfWork_SQLServer", "src\UnitOfWork_SQLServer\UnitOfWork_SQLServer.csproj", "{C155CADE-5407-4A1E-A78A-BF93A2EDC70A}"
EndProject
Project("{9A19103F-16F7-4668-BE54-9A1E7A4F7556}") = "Repository_Interface", "src\Repository_Interface\Repository_Interface.csproj", "{51434A26-B20D-48C5-ACE9-37311A1DCAEF}"
EndProject
Project("{9A19103F-16F7-4668-BE54-9A1E7A4F7556}") = "Repository_SQLServer", "src\Repository_SQLServer\Repository_SQLServer.csproj", "{D5546E2B-435E-4064-A1C4-DD56804BB05A}"
EndProject
Project("{9A19103F-16F7-4668-BE54-9A1E7A4F7556}") = "Model", "src\Model\Model.csproj", "{218FE42A-D2B4-4728-B1EE-22F87CDCBE74}"
EndProject
Project("{9A19103F-16F7-4668-BE54-9A1E7A4F7556}") = "Service", "src\Service\Service.csproj", "{449E1CAD-5B45-4747-B9C0-EE00EA3E2802}"
EndProject
Project("{9A19103F-16F7-4668-BE54-9A1E7A4F7556}") = "Home_Track_WebApp", "src\Home_Track_WebApp\Home_Track_WebApp.csproj", "{CAC42E35-C44A-46F2-AB80-70E286A1755D}"
EndProject
Global
	GlobalSection(SolutionConfigurationPlatforms) = preSolution
		Debug|Any CPU = Debug|Any CPU
		Release|Any CPU = Release|Any CPU
	EndGlobalSection
	GlobalSection(ProjectConfigurationPlatforms) = postSolution
		{A299E1ED-12EF-415D-B78E-9D5217E7BDFE}.Debug|Any CPU.ActiveCfg = Debug|Any CPU
		{A299E1ED-12EF-415D-B78E-9D5217E7BDFE}.Debug|Any CPU.Build.0 = Debug|Any CPU
		{A299E1ED-12EF-415D-B78E-9D5217E7BDFE}.Release|Any CPU.ActiveCfg = Release|Any CPU
		{A299E1ED-12EF-415D-B78E-9D5217E7BDFE}.Release|Any CPU.Build.0 = Release|Any CPU
		{DABB1E63-B457-41E3-879A-73E86B945A04}.Debug|Any CPU.ActiveCfg = Debug|Any CPU
		{DABB1E63-B457-41E3-879A-73E86B945A04}.Debug|Any CPU.Build.0 = Debug|Any CPU
		{DABB1E63-B457-41E3-879A-73E86B945A04}.Release|Any CPU.ActiveCfg = Release|Any CPU
		{DABB1E63-B457-41E3-879A-73E86B945A04}.Release|Any CPU.Build.0 = Release|Any CPU
		{C155CADE-5407-4A1E-A78A-BF93A2EDC70A}.Debug|Any CPU.ActiveCfg = Debug|Any CPU
		{C155CADE-5407-4A1E-A78A-BF93A2EDC70A}.Debug|Any CPU.Build.0 = Debug|Any CPU
		{C155CADE-5407-4A1E-A78A-BF93A2EDC70A}.Release|Any CPU.ActiveCfg = Release|Any CPU
		{C155CADE-5407-4A1E-A78A-BF93A2EDC70A}.Release|Any CPU.Build.0 = Release|Any CPU
		{51434A26-B20D-48C5-ACE9-37311A1DCAEF}.Debug|Any CPU.ActiveCfg = Debug|Any CPU
		{51434A26-B20D-48C5-ACE9-37311A1DCAEF}.Debug|Any CPU.Build.0 = Debug|Any CPU
		{51434A26-B20D-48C5-ACE9-37311A1DCAEF}.Release|Any CPU.ActiveCfg = Release|Any CPU
		{51434A26-B20D-48C5-ACE9-37311A1DCAEF}.Release|Any CPU.Build.0 = Release|Any CPU
		{D5546E2B-435E-4064-A1C4-DD56804BB05A}.Debug|Any CPU.ActiveCfg = Debug|Any CPU
		{D5546E2B-435E-4064-A1C4-DD56804BB05A}.Debug|Any CPU.Build.0 = Debug|Any CPU
		{D5546E2B-435E-4064-A1C4-DD56804BB05A}.Release|Any CPU.ActiveCfg = Release|Any CPU
		{D5546E2B-435E-4064-A1C4-DD56804BB05A}.Release|Any CPU.Build.0 = Release|Any CPU
		{218FE42A-D2B4-4728-B1EE-22F87CDCBE74}.Debug|Any CPU.ActiveCfg = Debug|Any CPU
		{218FE42A-D2B4-4728-B1EE-22F87CDCBE74}.Debug|Any CPU.Build.0 = Debug|Any CPU
		{218FE42A-D2B4-4728-B1EE-22F87CDCBE74}.Release|Any CPU.ActiveCfg = Release|Any CPU
		{218FE42A-D2B4-4728-B1EE-22F87CDCBE74}.Release|Any CPU.Build.0 = Release|Any CPU
		{449E1CAD-5B45-4747-B9C0-EE00EA3E2802}.Debug|Any CPU.ActiveCfg = Debug|Any CPU
		{449E1CAD-5B45-4747-B9C0-EE00EA3E2802}.Debug|Any CPU.Build.0 = Debug|Any CPU
		{449E1CAD-5B45-4747-B9C0-EE00EA3E2802}.Release|Any CPU.ActiveCfg = Release|Any CPU
		{449E1CAD-5B45-4747-B9C0-EE00EA3E2802}.Release|Any CPU.Build.0 = Release|Any CPU
		{CAC42E35-C44A-46F2-AB80-70E286A1755D}.Debug|Any CPU.ActiveCfg = Debug|Any CPU
		{CAC42E35-C44A-46F2-AB80-70E286A1755D}.Debug|Any CPU.Build.0 = Debug|Any CPU
		{CAC42E35-C44A-46F2-AB80-70E286A1755D}.Release|Any CPU.ActiveCfg = Release|Any CPU
		{CAC42E35-C44A-46F2-AB80-70E286A1755D}.Release|Any CPU.Build.0 = Release|Any CPU
	EndGlobalSection
	GlobalSection(SolutionProperties) = preSolution
		HideSolutionNode = FALSE
	EndGlobalSection
	GlobalSection(NestedProjects) = preSolution
		{8D68A257-4D6E-4751-8198-A932D959E95E} = {5C79B2EB-4E47-4454-81BF-3772BA008CDE}
		{9BA4FC89-DD18-4131-B216-BF9BB478BFCC} = {A278F834-A8E7-4FB6-91FF-6988DA0C7425}
		{A299E1ED-12EF-415D-B78E-9D5217E7BDFE} = {9BA4FC89-DD18-4131-B216-BF9BB478BFCC}
		{DABB1E63-B457-41E3-879A-73E86B945A04} = {0E6B2088-141C-4146-B55B-1E4567967407}
		{C155CADE-5407-4A1E-A78A-BF93A2EDC70A} = {0E6B2088-141C-4146-B55B-1E4567967407}
		{51434A26-B20D-48C5-ACE9-37311A1DCAEF} = {FCC90A0B-0CD7-445C-A4CC-6B5BF204EB36}
		{D5546E2B-435E-4064-A1C4-DD56804BB05A} = {FCC90A0B-0CD7-445C-A4CC-6B5BF204EB36}
		{218FE42A-D2B4-4728-B1EE-22F87CDCBE74} = {636BC334-7B6E-412B-8DB2-2BA45FC11EC6}
		{449E1CAD-5B45-4747-B9C0-EE00EA3E2802} = {4796A955-A483-45D2-BF75-C31562351BCA}
		{CAC42E35-C44A-46F2-AB80-70E286A1755D} = {8D68A257-4D6E-4751-8198-A932D959E95E}
	EndGlobalSection
	GlobalSection(ExtensibilityGlobals) = postSolution
		SolutionGuid = {27E2061E-2087-4263-AB66-100255F0CD1B}
	EndGlobalSection
EndGlobal
